
Microsoft Visual Studio Solution File, Format Version 12.00
# Visual Studio 15
VisualStudioVersion = 15.0.28307.852
MinimumVisualStudioVersion = 10.0.40219.1
Project("{159641D6-6404-4A2A-AE62-294DE0FE8301}") = "TPC - ETL", "TPC\TPC - etl.dtproj", "{136A1B51-E747-4C76-9C97-7FD0E10E4523}"
EndProject
Global
	GlobalSection(SolutionConfigurationPlatforms) = preSolution
		Development|Default = Development|Default
	EndGlobalSection
	GlobalSection(ProjectConfigurationPlatforms) = postSolution
		{136A1B51-E747-4C76-9C97-7FD0E10E4523}.Development|Default.ActiveCfg = Development
		{136A1B51-E747-4C76-9C97-7FD0E10E4523}.Development|Default.Build.0 = Development
	EndGlobalSection
	GlobalSection(SolutionProperties) = preSolution
		HideSolutionNode = FALSE
	EndGlobalSection
	GlobalSection(ExtensibilityGlobals) = postSolution
		SolutionGuid = {8DC0B8F1-F078-418D-AD8D-2F874D27DE61}
	EndGlobalSection
EndGlobal
