
Microsoft Visual Studio Solution File, Format Version 12.00
# Visual Studio 15
VisualStudioVersion = 15.0.28307.902
MinimumVisualStudioVersion = 10.0.40219.1
Project("{D2ABAB84-BF74-430A-B69E-9DC6D40DDA17}") = "TPC - Datamining", "TPC - Datamining y ML\TPC - Datamining.dwproj", "{35A1B5CB-C5BA-4BC4-8B5B-E90B45EFDB8E}"
EndProject
Global
	GlobalSection(SolutionConfigurationPlatforms) = preSolution
		Development|Default = Development|Default
	EndGlobalSection
	GlobalSection(ProjectConfigurationPlatforms) = postSolution
		{35A1B5CB-C5BA-4BC4-8B5B-E90B45EFDB8E}.Development|Default.ActiveCfg = Development
		{35A1B5CB-C5BA-4BC4-8B5B-E90B45EFDB8E}.Development|Default.Build.0 = Development
		{35A1B5CB-C5BA-4BC4-8B5B-E90B45EFDB8E}.Development|Default.Deploy.0 = Development
	EndGlobalSection
	GlobalSection(SolutionProperties) = preSolution
		HideSolutionNode = FALSE
	EndGlobalSection
	GlobalSection(ExtensibilityGlobals) = postSolution
		SolutionGuid = {EF111AFA-9D73-4F5E-ABAB-A404C6F5528F}
	EndGlobalSection
EndGlobal
